// !$*UTF8*$!
{
	archiveVersion = 1;
	classes = {
	};
	objectVersion = 56;
	objects = {

/* Begin PBXBuildFile section */
		290240112A6EDB7200F747D7 /* Skill.swift in Sources */ = {isa = PBXBuildFile; fileRef = 290240102A6EDB7200F747D7 /* Skill.swift */; };
		290F78C52A787AE6007F7D1E /* AssignFanaticLeaderView.swift in Sources */ = {isa = PBXBuildFile; fileRef = 290F78C42A787AE6007F7D1E /* AssignFanaticLeaderView.swift */; };
		290F78C72A787E11007F7D1E /* AssignFanaticCamperView.swift in Sources */ = {isa = PBXBuildFile; fileRef = 290F78C62A787E11007F7D1E /* AssignFanaticCamperView.swift */; };
		290F78CD2A78C8C1007F7D1E /* RemoveFanaticCamperView.swift in Sources */ = {isa = PBXBuildFile; fileRef = 290F78CC2A78C8C1007F7D1E /* RemoveFanaticCamperView.swift */; };
		29154B262A70269000CE8CAC /* LeaderView.swift in Sources */ = {isa = PBXBuildFile; fileRef = 29154B252A70269000CE8CAC /* LeaderView.swift */; };
		29154B282A70274400CE8CAC /* CabinView.swift in Sources */ = {isa = PBXBuildFile; fileRef = 29154B272A70274400CE8CAC /* CabinView.swift */; };
		29154B2A2A7027B300CE8CAC /* SkillView.swift in Sources */ = {isa = PBXBuildFile; fileRef = 29154B292A7027B300CE8CAC /* SkillView.swift */; };
		29154B2C2A704CBE00CE8CAC /* Cabin.swift in Sources */ = {isa = PBXBuildFile; fileRef = 29154B2B2A704CBE00CE8CAC /* Cabin.swift */; };
		29154B302A706EDC00CE8CAC /* TestsThatNeedToGo.swift in Sources */ = {isa = PBXBuildFile; fileRef = 29154B2F2A706EDC00CE8CAC /* TestsThatNeedToGo.swift */; };
		291CC5792A72C1E0001D422C /* LICENSE.txt in Resources */ = {isa = PBXBuildFile; fileRef = 291CC5782A72C1E0001D422C /* LICENSE.txt */; };
		291CC57B2A72C262001D422C /* AddLeaderView.swift in Sources */ = {isa = PBXBuildFile; fileRef = 291CC57A2A72C262001D422C /* AddLeaderView.swift */; };
		291CC57D2A72C2B9001D422C /* ModifyCabinLeadersView.swift in Sources */ = {isa = PBXBuildFile; fileRef = 291CC57C2A72C2B9001D422C /* ModifyCabinLeadersView.swift */; };
		291CC57F2A72C2E2001D422C /* CabinOperations.swift in Sources */ = {isa = PBXBuildFile; fileRef = 291CC57E2A72C2E2001D422C /* CabinOperations.swift */; };
		291CC5812A72C2F2001D422C /* LeaderOperations.swift in Sources */ = {isa = PBXBuildFile; fileRef = 291CC5802A72C2F2001D422C /* LeaderOperations.swift */; };
		291CC5832A72C312001D422C /* SkillOperations.swift in Sources */ = {isa = PBXBuildFile; fileRef = 291CC5822A72C312001D422C /* SkillOperations.swift */; };
		291F0BCD2A746DA900C73BCD /* FanaticOperations.swift in Sources */ = {isa = PBXBuildFile; fileRef = 291F0BCC2A746DA900C73BCD /* FanaticOperations.swift */; };
		293A19832A74DE4400B4B015 /* SPRErrors.swift in Sources */ = {isa = PBXBuildFile; fileRef = 293A19822A74DE4400B4B015 /* SPRErrors.swift */; };
		293A19852A74E1C400B4B015 /* Extensions.swift in Sources */ = {isa = PBXBuildFile; fileRef = 293A19842A74E1C400B4B015 /* Extensions.swift */; };
		293A19872A74E37C00B4B015 /* MasterData.swift in Sources */ = {isa = PBXBuildFile; fileRef = 293A19862A74E37C00B4B015 /* MasterData.swift */; };
		29708D912A6F88370090E369 /* Leader.swift in Sources */ = {isa = PBXBuildFile; fileRef = 29708D902A6F88370090E369 /* Leader.swift */; };
		29708D932A6F88E30090E369 /* Camper.swift in Sources */ = {isa = PBXBuildFile; fileRef = 29708D922A6F88E30090E369 /* Camper.swift */; };
		29708D952A6F999F0090E369 /* CamperView.swift in Sources */ = {isa = PBXBuildFile; fileRef = 29708D942A6F999F0090E369 /* CamperView.swift */; };
		2970DFA62A7412C400D2A71F /* Fanatic.swift in Sources */ = {isa = PBXBuildFile; fileRef = 2970DFA52A7412C400D2A71F /* Fanatic.swift */; };
		2971FDBE2A71D6F1007DD484 /* AddCabinView.swift in Sources */ = {isa = PBXBuildFile; fileRef = 2971FDBD2A71D6F1007DD484 /* AddCabinView.swift */; };
		2971FDC02A71F9CD007DD484 /* README.md in Resources */ = {isa = PBXBuildFile; fileRef = 2971FDBF2A71F9CD007DD484 /* README.md */; };
		2971FDC22A721F49007DD484 /* AddSkillView.swift in Sources */ = {isa = PBXBuildFile; fileRef = 2971FDC12A721F49007DD484 /* AddSkillView.swift */; };
		2971FDC42A7233BE007DD484 /* AddFanaticView.swift in Sources */ = {isa = PBXBuildFile; fileRef = 2971FDC32A7233BE007DD484 /* AddFanaticView.swift */; };
		2971FDC62A72B616007DD484 /* CamperOperations.swift in Sources */ = {isa = PBXBuildFile; fileRef = 2971FDC52A72B616007DD484 /* CamperOperations.swift */; };
		2974B6C42A6ECB6A00EB063B /* Skill_Picker_RebornApp.swift in Sources */ = {isa = PBXBuildFile; fileRef = 2974B6C32A6ECB6A00EB063B /* Skill_Picker_RebornApp.swift */; };
		2974B6C62A6ECB6A00EB063B /* ContentView.swift in Sources */ = {isa = PBXBuildFile; fileRef = 2974B6C52A6ECB6A00EB063B /* ContentView.swift */; };
		2974B6C82A6ECB6D00EB063B /* Assets.xcassets in Resources */ = {isa = PBXBuildFile; fileRef = 2974B6C72A6ECB6D00EB063B /* Assets.xcassets */; };
		2974B6CB2A6ECB6D00EB063B /* Preview Assets.xcassets in Resources */ = {isa = PBXBuildFile; fileRef = 2974B6CA2A6ECB6D00EB063B /* Preview Assets.xcassets */; };
		2974B6D62A6ECB6E00EB063B /* Skill_Picker_RebornTests.swift in Sources */ = {isa = PBXBuildFile; fileRef = 2974B6D52A6ECB6E00EB063B /* Skill_Picker_RebornTests.swift */; };
		2974B6E02A6ECB6E00EB063B /* Skill_Picker_RebornUITests.swift in Sources */ = {isa = PBXBuildFile; fileRef = 2974B6DF2A6ECB6E00EB063B /* Skill_Picker_RebornUITests.swift */; };
		2974B6E22A6ECB6E00EB063B /* Skill_Picker_RebornUITestsLaunchTests.swift in Sources */ = {isa = PBXBuildFile; fileRef = 2974B6E12A6ECB6E00EB063B /* Skill_Picker_RebornUITestsLaunchTests.swift */; };
		2974B6EF2A6ECBA900EB063B /* Human.swift in Sources */ = {isa = PBXBuildFile; fileRef = 2974B6EE2A6ECBA800EB063B /* Human.swift */; };
		29A4EF182A70F3EB00B034E7 /* AddCamperView.swift in Sources */ = {isa = PBXBuildFile; fileRef = 29A4EF172A70F3EB00B034E7 /* AddCamperView.swift */; };
		29E0D1E82A775E5E00C068A9 /* AssignSkillLeaderView.swift in Sources */ = {isa = PBXBuildFile; fileRef = 29E0D1E72A775E5E00C068A9 /* AssignSkillLeaderView.swift */; };
		29E0D1EA2A7801DE00C068A9 /* AssignSkillCamperView.swift in Sources */ = {isa = PBXBuildFile; fileRef = 29E0D1E92A7801DE00C068A9 /* AssignSkillCamperView.swift */; };
/* End PBXBuildFile section */

/* Begin PBXContainerItemProxy section */
		2974B6D22A6ECB6E00EB063B /* PBXContainerItemProxy */ = {
			isa = PBXContainerItemProxy;
			containerPortal = 2974B6B82A6ECB6A00EB063B /* Project object */;
			proxyType = 1;
			remoteGlobalIDString = 2974B6BF2A6ECB6A00EB063B;
			remoteInfo = "Skill Picker Reborn";
		};
		2974B6DC2A6ECB6E00EB063B /* PBXContainerItemProxy */ = {
			isa = PBXContainerItemProxy;
			containerPortal = 2974B6B82A6ECB6A00EB063B /* Project object */;
			proxyType = 1;
			remoteGlobalIDString = 2974B6BF2A6ECB6A00EB063B;
			remoteInfo = "Skill Picker Reborn";
		};
/* End PBXContainerItemProxy section */

/* Begin PBXFileReference section */
		290240102A6EDB7200F747D7 /* Skill.swift */ = {isa = PBXFileReference; lastKnownFileType = sourcecode.swift; path = Skill.swift; sourceTree = "<group>"; };
		290F78C42A787AE6007F7D1E /* AssignFanaticLeaderView.swift */ = {isa = PBXFileReference; lastKnownFileType = sourcecode.swift; path = AssignFanaticLeaderView.swift; sourceTree = "<group>"; };
		290F78C62A787E11007F7D1E /* AssignFanaticCamperView.swift */ = {isa = PBXFileReference; lastKnownFileType = sourcecode.swift; path = AssignFanaticCamperView.swift; sourceTree = "<group>"; };
		290F78CC2A78C8C1007F7D1E /* RemoveFanaticCamperView.swift */ = {isa = PBXFileReference; lastKnownFileType = sourcecode.swift; path = RemoveFanaticCamperView.swift; sourceTree = "<group>"; };
		29154B252A70269000CE8CAC /* LeaderView.swift */ = {isa = PBXFileReference; lastKnownFileType = sourcecode.swift; path = LeaderView.swift; sourceTree = "<group>"; };
		29154B272A70274400CE8CAC /* CabinView.swift */ = {isa = PBXFileReference; lastKnownFileType = sourcecode.swift; path = CabinView.swift; sourceTree = "<group>"; };
		29154B292A7027B300CE8CAC /* SkillView.swift */ = {isa = PBXFileReference; lastKnownFileType = sourcecode.swift; path = SkillView.swift; sourceTree = "<group>"; };
		29154B2B2A704CBE00CE8CAC /* Cabin.swift */ = {isa = PBXFileReference; lastKnownFileType = sourcecode.swift; path = Cabin.swift; sourceTree = "<group>"; };
		29154B2F2A706EDC00CE8CAC /* TestsThatNeedToGo.swift */ = {isa = PBXFileReference; lastKnownFileType = sourcecode.swift; path = TestsThatNeedToGo.swift; sourceTree = "<group>"; };
		291CC5782A72C1E0001D422C /* LICENSE.txt */ = {isa = PBXFileReference; fileEncoding = 4; lastKnownFileType = text; path = LICENSE.txt; sourceTree = "<group>"; };
		291CC57A2A72C262001D422C /* AddLeaderView.swift */ = {isa = PBXFileReference; lastKnownFileType = sourcecode.swift; path = AddLeaderView.swift; sourceTree = "<group>"; };
		291CC57C2A72C2B9001D422C /* ModifyCabinLeadersView.swift */ = {isa = PBXFileReference; lastKnownFileType = sourcecode.swift; path = ModifyCabinLeadersView.swift; sourceTree = "<group>"; };
		291CC57E2A72C2E2001D422C /* CabinOperations.swift */ = {isa = PBXFileReference; lastKnownFileType = sourcecode.swift; path = CabinOperations.swift; sourceTree = "<group>"; };
		291CC5802A72C2F2001D422C /* LeaderOperations.swift */ = {isa = PBXFileReference; lastKnownFileType = sourcecode.swift; path = LeaderOperations.swift; sourceTree = "<group>"; };
		291CC5822A72C312001D422C /* SkillOperations.swift */ = {isa = PBXFileReference; lastKnownFileType = sourcecode.swift; path = SkillOperations.swift; sourceTree = "<group>"; };
		291F0BCC2A746DA900C73BCD /* FanaticOperations.swift */ = {isa = PBXFileReference; lastKnownFileType = sourcecode.swift; path = FanaticOperations.swift; sourceTree = "<group>"; };
		293A19822A74DE4400B4B015 /* SPRErrors.swift */ = {isa = PBXFileReference; lastKnownFileType = sourcecode.swift; path = SPRErrors.swift; sourceTree = "<group>"; };
		293A19842A74E1C400B4B015 /* Extensions.swift */ = {isa = PBXFileReference; lastKnownFileType = sourcecode.swift; path = Extensions.swift; sourceTree = "<group>"; };
		293A19862A74E37C00B4B015 /* MasterData.swift */ = {isa = PBXFileReference; lastKnownFileType = sourcecode.swift; path = MasterData.swift; sourceTree = "<group>"; };
		29708D902A6F88370090E369 /* Leader.swift */ = {isa = PBXFileReference; lastKnownFileType = sourcecode.swift; path = Leader.swift; sourceTree = "<group>"; };
		29708D922A6F88E30090E369 /* Camper.swift */ = {isa = PBXFileReference; lastKnownFileType = sourcecode.swift; path = Camper.swift; sourceTree = "<group>"; };
		29708D942A6F999F0090E369 /* CamperView.swift */ = {isa = PBXFileReference; lastKnownFileType = sourcecode.swift; path = CamperView.swift; sourceTree = "<group>"; };
		2970DFA52A7412C400D2A71F /* Fanatic.swift */ = {isa = PBXFileReference; lastKnownFileType = sourcecode.swift; path = Fanatic.swift; sourceTree = "<group>"; };
		2971FDBD2A71D6F1007DD484 /* AddCabinView.swift */ = {isa = PBXFileReference; lastKnownFileType = sourcecode.swift; path = AddCabinView.swift; sourceTree = "<group>"; };
		2971FDBF2A71F9CD007DD484 /* README.md */ = {isa = PBXFileReference; fileEncoding = 4; lastKnownFileType = net.daringfireball.markdown; path = README.md; sourceTree = SOURCE_ROOT; };
		2971FDC12A721F49007DD484 /* AddSkillView.swift */ = {isa = PBXFileReference; lastKnownFileType = sourcecode.swift; path = AddSkillView.swift; sourceTree = "<group>"; };
		2971FDC32A7233BE007DD484 /* AddFanaticView.swift */ = {isa = PBXFileReference; lastKnownFileType = sourcecode.swift; path = AddFanaticView.swift; sourceTree = "<group>"; };
		2971FDC52A72B616007DD484 /* CamperOperations.swift */ = {isa = PBXFileReference; lastKnownFileType = sourcecode.swift; path = CamperOperations.swift; sourceTree = "<group>"; };
		2974B6C02A6ECB6A00EB063B /* Skill Picker Reborn.app */ = {isa = PBXFileReference; explicitFileType = wrapper.application; includeInIndex = 0; path = "Skill Picker Reborn.app"; sourceTree = BUILT_PRODUCTS_DIR; };
		2974B6C32A6ECB6A00EB063B /* Skill_Picker_RebornApp.swift */ = {isa = PBXFileReference; lastKnownFileType = sourcecode.swift; path = Skill_Picker_RebornApp.swift; sourceTree = "<group>"; };
		2974B6C52A6ECB6A00EB063B /* ContentView.swift */ = {isa = PBXFileReference; lastKnownFileType = sourcecode.swift; path = ContentView.swift; sourceTree = "<group>"; };
		2974B6C72A6ECB6D00EB063B /* Assets.xcassets */ = {isa = PBXFileReference; lastKnownFileType = folder.assetcatalog; path = Assets.xcassets; sourceTree = "<group>"; };
		2974B6CA2A6ECB6D00EB063B /* Preview Assets.xcassets */ = {isa = PBXFileReference; lastKnownFileType = folder.assetcatalog; path = "Preview Assets.xcassets"; sourceTree = "<group>"; };
		2974B6CC2A6ECB6D00EB063B /* Skill_Picker_Reborn.entitlements */ = {isa = PBXFileReference; lastKnownFileType = text.plist.entitlements; path = Skill_Picker_Reborn.entitlements; sourceTree = "<group>"; };
		2974B6D12A6ECB6E00EB063B /* Skill Picker RebornTests.xctest */ = {isa = PBXFileReference; explicitFileType = wrapper.cfbundle; includeInIndex = 0; path = "Skill Picker RebornTests.xctest"; sourceTree = BUILT_PRODUCTS_DIR; };
		2974B6D52A6ECB6E00EB063B /* Skill_Picker_RebornTests.swift */ = {isa = PBXFileReference; lastKnownFileType = sourcecode.swift; path = Skill_Picker_RebornTests.swift; sourceTree = "<group>"; };
		2974B6DB2A6ECB6E00EB063B /* Skill Picker RebornUITests.xctest */ = {isa = PBXFileReference; explicitFileType = wrapper.cfbundle; includeInIndex = 0; path = "Skill Picker RebornUITests.xctest"; sourceTree = BUILT_PRODUCTS_DIR; };
		2974B6DF2A6ECB6E00EB063B /* Skill_Picker_RebornUITests.swift */ = {isa = PBXFileReference; lastKnownFileType = sourcecode.swift; path = Skill_Picker_RebornUITests.swift; sourceTree = "<group>"; };
		2974B6E12A6ECB6E00EB063B /* Skill_Picker_RebornUITestsLaunchTests.swift */ = {isa = PBXFileReference; lastKnownFileType = sourcecode.swift; path = Skill_Picker_RebornUITestsLaunchTests.swift; sourceTree = "<group>"; };
		2974B6EE2A6ECBA800EB063B /* Human.swift */ = {isa = PBXFileReference; fileEncoding = 4; lastKnownFileType = sourcecode.swift; path = Human.swift; sourceTree = "<group>"; };
		29A4EF162A70C4E900B034E7 /* Skill-Picker-Reborn-Info.plist */ = {isa = PBXFileReference; lastKnownFileType = text.plist; path = "Skill-Picker-Reborn-Info.plist"; sourceTree = SOURCE_ROOT; };
		29A4EF172A70F3EB00B034E7 /* AddCamperView.swift */ = {isa = PBXFileReference; lastKnownFileType = sourcecode.swift; path = AddCamperView.swift; sourceTree = "<group>"; };
		29E0D1E72A775E5E00C068A9 /* AssignSkillLeaderView.swift */ = {isa = PBXFileReference; lastKnownFileType = sourcecode.swift; path = AssignSkillLeaderView.swift; sourceTree = "<group>"; };
		29E0D1E92A7801DE00C068A9 /* AssignSkillCamperView.swift */ = {isa = PBXFileReference; lastKnownFileType = sourcecode.swift; path = AssignSkillCamperView.swift; sourceTree = "<group>"; };
/* End PBXFileReference section */

/* Begin PBXFrameworksBuildPhase section */
		2974B6BD2A6ECB6A00EB063B /* Frameworks */ = {
			isa = PBXFrameworksBuildPhase;
			buildActionMask = 2147483647;
			files = (
			);
			runOnlyForDeploymentPostprocessing = 0;
		};
		2974B6CE2A6ECB6E00EB063B /* Frameworks */ = {
			isa = PBXFrameworksBuildPhase;
			buildActionMask = 2147483647;
			files = (
			);
			runOnlyForDeploymentPostprocessing = 0;
		};
		2974B6D82A6ECB6E00EB063B /* Frameworks */ = {
			isa = PBXFrameworksBuildPhase;
			buildActionMask = 2147483647;
			files = (
			);
			runOnlyForDeploymentPostprocessing = 0;
		};
/* End PBXFrameworksBuildPhase section */

/* Begin PBXGroup section */
		2974B6B72A6ECB6A00EB063B = {
			isa = PBXGroup;
			children = (
				291CC5782A72C1E0001D422C /* LICENSE.txt */,
				2971FDBF2A71F9CD007DD484 /* README.md */,
				29A4EF162A70C4E900B034E7 /* Skill-Picker-Reborn-Info.plist */,
				2974B6C22A6ECB6A00EB063B /* Skill Picker Reborn */,
				2974B6D42A6ECB6E00EB063B /* Skill Picker RebornTests */,
				2974B6DE2A6ECB6E00EB063B /* Skill Picker RebornUITests */,
				2974B6C12A6ECB6A00EB063B /* Products */,
			);
			sourceTree = "<group>";
		};
		2974B6C12A6ECB6A00EB063B /* Products */ = {
			isa = PBXGroup;
			children = (
				2974B6C02A6ECB6A00EB063B /* Skill Picker Reborn.app */,
				2974B6D12A6ECB6E00EB063B /* Skill Picker RebornTests.xctest */,
				2974B6DB2A6ECB6E00EB063B /* Skill Picker RebornUITests.xctest */,
			);
			name = Products;
			sourceTree = "<group>";
		};
		2974B6C22A6ECB6A00EB063B /* Skill Picker Reborn */ = {
			isa = PBXGroup;
			children = (
				29E0D1E42A76347C00C068A9 /* models */,
				29E0D1E52A76348F00C068A9 /* operations */,
				29E0D1E32A76346600C068A9 /* views */,
				29E0D1E62A76353B00C068A9 /* other */,
				2974B6C72A6ECB6D00EB063B /* Assets.xcassets */,
				2974B6CC2A6ECB6D00EB063B /* Skill_Picker_Reborn.entitlements */,
				2974B6C92A6ECB6D00EB063B /* Preview Content */,
			);
			path = "Skill Picker Reborn";
			sourceTree = "<group>";
		};
		2974B6C92A6ECB6D00EB063B /* Preview Content */ = {
			isa = PBXGroup;
			children = (
				2974B6CA2A6ECB6D00EB063B /* Preview Assets.xcassets */,
			);
			path = "Preview Content";
			sourceTree = "<group>";
		};
		2974B6D42A6ECB6E00EB063B /* Skill Picker RebornTests */ = {
			isa = PBXGroup;
			children = (
				2974B6D52A6ECB6E00EB063B /* Skill_Picker_RebornTests.swift */,
			);
			path = "Skill Picker RebornTests";
			sourceTree = "<group>";
		};
		2974B6DE2A6ECB6E00EB063B /* Skill Picker RebornUITests */ = {
			isa = PBXGroup;
			children = (
				2974B6DF2A6ECB6E00EB063B /* Skill_Picker_RebornUITests.swift */,
				2974B6E12A6ECB6E00EB063B /* Skill_Picker_RebornUITestsLaunchTests.swift */,
			);
			path = "Skill Picker RebornUITests";
			sourceTree = "<group>";
		};
		29E0D1E32A76346600C068A9 /* views */ = {
			isa = PBXGroup;
			children = (
				2974B6C52A6ECB6A00EB063B /* ContentView.swift */,
				29154B272A70274400CE8CAC /* CabinView.swift */,
				2971FDBD2A71D6F1007DD484 /* AddCabinView.swift */,
				291CC57C2A72C2B9001D422C /* ModifyCabinLeadersView.swift */,
				29708D942A6F999F0090E369 /* CamperView.swift */,
				29A4EF172A70F3EB00B034E7 /* AddCamperView.swift */,
				29154B252A70269000CE8CAC /* LeaderView.swift */,
				291CC57A2A72C262001D422C /* AddLeaderView.swift */,
				29154B292A7027B300CE8CAC /* SkillView.swift */,
				2971FDC12A721F49007DD484 /* AddSkillView.swift */,
				29E0D1E72A775E5E00C068A9 /* AssignSkillLeaderView.swift */,
				29E0D1E92A7801DE00C068A9 /* AssignSkillCamperView.swift */,
				2971FDC32A7233BE007DD484 /* AddFanaticView.swift */,
				290F78C42A787AE6007F7D1E /* AssignFanaticLeaderView.swift */,
				290F78C62A787E11007F7D1E /* AssignFanaticCamperView.swift */,
				290F78CC2A78C8C1007F7D1E /* RemoveFanaticCamperView.swift */,
			);
			path = views;
			sourceTree = "<group>";
		};
		29E0D1E42A76347C00C068A9 /* models */ = {
			isa = PBXGroup;
			children = (
				29154B2B2A704CBE00CE8CAC /* Cabin.swift */,
				29708D922A6F88E30090E369 /* Camper.swift */,
				29708D902A6F88370090E369 /* Leader.swift */,
				290240102A6EDB7200F747D7 /* Skill.swift */,
				2970DFA52A7412C400D2A71F /* Fanatic.swift */,
				2974B6EE2A6ECBA800EB063B /* Human.swift */,
			);
			path = models;
			sourceTree = "<group>";
		};
		29E0D1E52A76348F00C068A9 /* operations */ = {
			isa = PBXGroup;
			children = (
				291CC57E2A72C2E2001D422C /* CabinOperations.swift */,
				2971FDC52A72B616007DD484 /* CamperOperations.swift */,
				291CC5802A72C2F2001D422C /* LeaderOperations.swift */,
				291CC5822A72C312001D422C /* SkillOperations.swift */,
				291F0BCC2A746DA900C73BCD /* FanaticOperations.swift */,
			);
			path = operations;
			sourceTree = "<group>";
		};
		29E0D1E62A76353B00C068A9 /* other */ = {
			isa = PBXGroup;
			children = (
				2974B6C32A6ECB6A00EB063B /* Skill_Picker_RebornApp.swift */,
				293A19842A74E1C400B4B015 /* Extensions.swift */,
				293A19862A74E37C00B4B015 /* MasterData.swift */,
				293A19822A74DE4400B4B015 /* SPRErrors.swift */,
				29154B2F2A706EDC00CE8CAC /* TestsThatNeedToGo.swift */,
			);
			path = other;
			sourceTree = "<group>";
		};
/* End PBXGroup section */

/* Begin PBXNativeTarget section */
		2974B6BF2A6ECB6A00EB063B /* Skill Picker Reborn */ = {
			isa = PBXNativeTarget;
			buildConfigurationList = 2974B6E52A6ECB6E00EB063B /* Build configuration list for PBXNativeTarget "Skill Picker Reborn" */;
			buildPhases = (
				2974B6BC2A6ECB6A00EB063B /* Sources */,
				2974B6BD2A6ECB6A00EB063B /* Frameworks */,
				2974B6BE2A6ECB6A00EB063B /* Resources */,
			);
			buildRules = (
			);
			dependencies = (
			);
			name = "Skill Picker Reborn";
			productName = "Skill Picker Reborn";
			productReference = 2974B6C02A6ECB6A00EB063B /* Skill Picker Reborn.app */;
			productType = "com.apple.product-type.application";
		};
		2974B6D02A6ECB6E00EB063B /* Skill Picker RebornTests */ = {
			isa = PBXNativeTarget;
			buildConfigurationList = 2974B6E82A6ECB6E00EB063B /* Build configuration list for PBXNativeTarget "Skill Picker RebornTests" */;
			buildPhases = (
				2974B6CD2A6ECB6E00EB063B /* Sources */,
				2974B6CE2A6ECB6E00EB063B /* Frameworks */,
				2974B6CF2A6ECB6E00EB063B /* Resources */,
			);
			buildRules = (
			);
			dependencies = (
				2974B6D32A6ECB6E00EB063B /* PBXTargetDependency */,
			);
			name = "Skill Picker RebornTests";
			productName = "Skill Picker RebornTests";
			productReference = 2974B6D12A6ECB6E00EB063B /* Skill Picker RebornTests.xctest */;
			productType = "com.apple.product-type.bundle.unit-test";
		};
		2974B6DA2A6ECB6E00EB063B /* Skill Picker RebornUITests */ = {
			isa = PBXNativeTarget;
			buildConfigurationList = 2974B6EB2A6ECB6E00EB063B /* Build configuration list for PBXNativeTarget "Skill Picker RebornUITests" */;
			buildPhases = (
				2974B6D72A6ECB6E00EB063B /* Sources */,
				2974B6D82A6ECB6E00EB063B /* Frameworks */,
				2974B6D92A6ECB6E00EB063B /* Resources */,
			);
			buildRules = (
			);
			dependencies = (
				2974B6DD2A6ECB6E00EB063B /* PBXTargetDependency */,
			);
			name = "Skill Picker RebornUITests";
			productName = "Skill Picker RebornUITests";
			productReference = 2974B6DB2A6ECB6E00EB063B /* Skill Picker RebornUITests.xctest */;
			productType = "com.apple.product-type.bundle.ui-testing";
		};
/* End PBXNativeTarget section */

/* Begin PBXProject section */
		2974B6B82A6ECB6A00EB063B /* Project object */ = {
			isa = PBXProject;
			attributes = {
				BuildIndependentTargetsInParallel = 1;
				LastSwiftUpdateCheck = 1430;
				LastUpgradeCheck = 1430;
				TargetAttributes = {
					2974B6BF2A6ECB6A00EB063B = {
						CreatedOnToolsVersion = 14.3.1;
					};
					2974B6D02A6ECB6E00EB063B = {
						CreatedOnToolsVersion = 14.3.1;
						TestTargetID = 2974B6BF2A6ECB6A00EB063B;
					};
					2974B6DA2A6ECB6E00EB063B = {
						CreatedOnToolsVersion = 14.3.1;
						TestTargetID = 2974B6BF2A6ECB6A00EB063B;
					};
				};
			};
			buildConfigurationList = 2974B6BB2A6ECB6A00EB063B /* Build configuration list for PBXProject "Skill Picker Reborn" */;
			compatibilityVersion = "Xcode 14.0";
			developmentRegion = en;
			hasScannedForEncodings = 0;
			knownRegions = (
				en,
				Base,
			);
			mainGroup = 2974B6B72A6ECB6A00EB063B;
			productRefGroup = 2974B6C12A6ECB6A00EB063B /* Products */;
			projectDirPath = "";
			projectRoot = "";
			targets = (
				2974B6BF2A6ECB6A00EB063B /* Skill Picker Reborn */,
				2974B6D02A6ECB6E00EB063B /* Skill Picker RebornTests */,
				2974B6DA2A6ECB6E00EB063B /* Skill Picker RebornUITests */,
			);
		};
/* End PBXProject section */

/* Begin PBXResourcesBuildPhase section */
		2974B6BE2A6ECB6A00EB063B /* Resources */ = {
			isa = PBXResourcesBuildPhase;
			buildActionMask = 2147483647;
			files = (
				291CC5792A72C1E0001D422C /* LICENSE.txt in Resources */,
				2971FDC02A71F9CD007DD484 /* README.md in Resources */,
				2974B6CB2A6ECB6D00EB063B /* Preview Assets.xcassets in Resources */,
				2974B6C82A6ECB6D00EB063B /* Assets.xcassets in Resources */,
			);
			runOnlyForDeploymentPostprocessing = 0;
		};
		2974B6CF2A6ECB6E00EB063B /* Resources */ = {
			isa = PBXResourcesBuildPhase;
			buildActionMask = 2147483647;
			files = (
			);
			runOnlyForDeploymentPostprocessing = 0;
		};
		2974B6D92A6ECB6E00EB063B /* Resources */ = {
			isa = PBXResourcesBuildPhase;
			buildActionMask = 2147483647;
			files = (
			);
			runOnlyForDeploymentPostprocessing = 0;
		};
/* End PBXResourcesBuildPhase section */

/* Begin PBXSourcesBuildPhase section */
		2974B6BC2A6ECB6A00EB063B /* Sources */ = {
			isa = PBXSourcesBuildPhase;
			buildActionMask = 2147483647;
			files = (
				2971FDC22A721F49007DD484 /* AddSkillView.swift in Sources */,
				293A19872A74E37C00B4B015 /* MasterData.swift in Sources */,
				29154B302A706EDC00CE8CAC /* TestsThatNeedToGo.swift in Sources */,
				29E0D1E82A775E5E00C068A9 /* AssignSkillLeaderView.swift in Sources */,
				2971FDC42A7233BE007DD484 /* AddFanaticView.swift in Sources */,
				291CC57B2A72C262001D422C /* AddLeaderView.swift in Sources */,
				291F0BCD2A746DA900C73BCD /* FanaticOperations.swift in Sources */,
				291CC5832A72C312001D422C /* SkillOperations.swift in Sources */,
				2971FDC62A72B616007DD484 /* CamperOperations.swift in Sources */,
				29154B282A70274400CE8CAC /* CabinView.swift in Sources */,
				29154B2C2A704CBE00CE8CAC /* Cabin.swift in Sources */,
				293A19852A74E1C400B4B015 /* Extensions.swift in Sources */,
				29708D912A6F88370090E369 /* Leader.swift in Sources */,
				290F78C52A787AE6007F7D1E /* AssignFanaticLeaderView.swift in Sources */,
				29A4EF182A70F3EB00B034E7 /* AddCamperView.swift in Sources */,
				290F78CD2A78C8C1007F7D1E /* RemoveFanaticCamperView.swift in Sources */,
				29708D932A6F88E30090E369 /* Camper.swift in Sources */,
				293A19832A74DE4400B4B015 /* SPRErrors.swift in Sources */,
				29E0D1EA2A7801DE00C068A9 /* AssignSkillCamperView.swift in Sources */,
				29154B262A70269000CE8CAC /* LeaderView.swift in Sources */,
				2974B6C62A6ECB6A00EB063B /* ContentView.swift in Sources */,
				290240112A6EDB7200F747D7 /* Skill.swift in Sources */,
				2970DFA62A7412C400D2A71F /* Fanatic.swift in Sources */,
				2971FDBE2A71D6F1007DD484 /* AddCabinView.swift in Sources */,
				291CC57F2A72C2E2001D422C /* CabinOperations.swift in Sources */,
				29154B2A2A7027B300CE8CAC /* SkillView.swift in Sources */,
				291CC57D2A72C2B9001D422C /* ModifyCabinLeadersView.swift in Sources */,
				2974B6EF2A6ECBA900EB063B /* Human.swift in Sources */,
				290F78C72A787E11007F7D1E /* AssignFanaticCamperView.swift in Sources */,
				29708D952A6F999F0090E369 /* CamperView.swift in Sources */,
				291CC5812A72C2F2001D422C /* LeaderOperations.swift in Sources */,
				2974B6C42A6ECB6A00EB063B /* Skill_Picker_RebornApp.swift in Sources */,
			);
			runOnlyForDeploymentPostprocessing = 0;
		};
		2974B6CD2A6ECB6E00EB063B /* Sources */ = {
			isa = PBXSourcesBuildPhase;
			buildActionMask = 2147483647;
			files = (
				2974B6D62A6ECB6E00EB063B /* Skill_Picker_RebornTests.swift in Sources */,
			);
			runOnlyForDeploymentPostprocessing = 0;
		};
		2974B6D72A6ECB6E00EB063B /* Sources */ = {
			isa = PBXSourcesBuildPhase;
			buildActionMask = 2147483647;
			files = (
				2974B6E22A6ECB6E00EB063B /* Skill_Picker_RebornUITestsLaunchTests.swift in Sources */,
				2974B6E02A6ECB6E00EB063B /* Skill_Picker_RebornUITests.swift in Sources */,
			);
			runOnlyForDeploymentPostprocessing = 0;
		};
/* End PBXSourcesBuildPhase section */

/* Begin PBXTargetDependency section */
		2974B6D32A6ECB6E00EB063B /* PBXTargetDependency */ = {
			isa = PBXTargetDependency;
			target = 2974B6BF2A6ECB6A00EB063B /* Skill Picker Reborn */;
			targetProxy = 2974B6D22A6ECB6E00EB063B /* PBXContainerItemProxy */;
		};
		2974B6DD2A6ECB6E00EB063B /* PBXTargetDependency */ = {
			isa = PBXTargetDependency;
			target = 2974B6BF2A6ECB6A00EB063B /* Skill Picker Reborn */;
			targetProxy = 2974B6DC2A6ECB6E00EB063B /* PBXContainerItemProxy */;
		};
/* End PBXTargetDependency section */

/* Begin XCBuildConfiguration section */
		2974B6E32A6ECB6E00EB063B /* Debug */ = {
			isa = XCBuildConfiguration;
			buildSettings = {
				ALWAYS_SEARCH_USER_PATHS = NO;
				CLANG_ANALYZER_NONNULL = YES;
				CLANG_ANALYZER_NUMBER_OBJECT_CONVERSION = YES_AGGRESSIVE;
				CLANG_CXX_LANGUAGE_STANDARD = "gnu++20";
				CLANG_ENABLE_MODULES = YES;
				CLANG_ENABLE_OBJC_ARC = YES;
				CLANG_ENABLE_OBJC_WEAK = YES;
				CLANG_WARN_BLOCK_CAPTURE_AUTORELEASING = YES;
				CLANG_WARN_BOOL_CONVERSION = YES;
				CLANG_WARN_COMMA = YES;
				CLANG_WARN_CONSTANT_CONVERSION = YES;
				CLANG_WARN_DEPRECATED_OBJC_IMPLEMENTATIONS = YES;
				CLANG_WARN_DIRECT_OBJC_ISA_USAGE = YES_ERROR;
				CLANG_WARN_DOCUMENTATION_COMMENTS = YES;
				CLANG_WARN_EMPTY_BODY = YES;
				CLANG_WARN_ENUM_CONVERSION = YES;
				CLANG_WARN_INFINITE_RECURSION = YES;
				CLANG_WARN_INT_CONVERSION = YES;
				CLANG_WARN_NON_LITERAL_NULL_CONVERSION = YES;
				CLANG_WARN_OBJC_IMPLICIT_RETAIN_SELF = YES;
				CLANG_WARN_OBJC_LITERAL_CONVERSION = YES;
				CLANG_WARN_OBJC_ROOT_CLASS = YES_ERROR;
				CLANG_WARN_QUOTED_INCLUDE_IN_FRAMEWORK_HEADER = YES;
				CLANG_WARN_RANGE_LOOP_ANALYSIS = YES;
				CLANG_WARN_STRICT_PROTOTYPES = YES;
				CLANG_WARN_SUSPICIOUS_MOVE = YES;
				CLANG_WARN_UNGUARDED_AVAILABILITY = YES_AGGRESSIVE;
				CLANG_WARN_UNREACHABLE_CODE = YES;
				CLANG_WARN__DUPLICATE_METHOD_MATCH = YES;
				COPY_PHASE_STRIP = NO;
				DEBUG_INFORMATION_FORMAT = dwarf;
				ENABLE_STRICT_OBJC_MSGSEND = YES;
				ENABLE_TESTABILITY = YES;
				GCC_C_LANGUAGE_STANDARD = gnu11;
				GCC_DYNAMIC_NO_PIC = NO;
				GCC_NO_COMMON_BLOCKS = YES;
				GCC_OPTIMIZATION_LEVEL = 0;
				GCC_PREPROCESSOR_DEFINITIONS = (
					"DEBUG=1",
					"$(inherited)",
				);
				GCC_WARN_64_TO_32_BIT_CONVERSION = YES;
				GCC_WARN_ABOUT_RETURN_TYPE = YES_ERROR;
				GCC_WARN_UNDECLARED_SELECTOR = YES;
				GCC_WARN_UNINITIALIZED_AUTOS = YES_AGGRESSIVE;
				GCC_WARN_UNUSED_FUNCTION = YES;
				GCC_WARN_UNUSED_VARIABLE = YES;
				MACOSX_DEPLOYMENT_TARGET = 13.2;
				MTL_ENABLE_DEBUG_INFO = INCLUDE_SOURCE;
				MTL_FAST_MATH = YES;
				ONLY_ACTIVE_ARCH = YES;
				SDKROOT = macosx;
				SWIFT_ACTIVE_COMPILATION_CONDITIONS = DEBUG;
				SWIFT_OPTIMIZATION_LEVEL = "-Onone";
			};
			name = Debug;
		};
		2974B6E42A6ECB6E00EB063B /* Release */ = {
			isa = XCBuildConfiguration;
			buildSettings = {
				ALWAYS_SEARCH_USER_PATHS = NO;
				CLANG_ANALYZER_NONNULL = YES;
				CLANG_ANALYZER_NUMBER_OBJECT_CONVERSION = YES_AGGRESSIVE;
				CLANG_CXX_LANGUAGE_STANDARD = "gnu++20";
				CLANG_ENABLE_MODULES = YES;
				CLANG_ENABLE_OBJC_ARC = YES;
				CLANG_ENABLE_OBJC_WEAK = YES;
				CLANG_WARN_BLOCK_CAPTURE_AUTORELEASING = YES;
				CLANG_WARN_BOOL_CONVERSION = YES;
				CLANG_WARN_COMMA = YES;
				CLANG_WARN_CONSTANT_CONVERSION = YES;
				CLANG_WARN_DEPRECATED_OBJC_IMPLEMENTATIONS = YES;
				CLANG_WARN_DIRECT_OBJC_ISA_USAGE = YES_ERROR;
				CLANG_WARN_DOCUMENTATION_COMMENTS = YES;
				CLANG_WARN_EMPTY_BODY = YES;
				CLANG_WARN_ENUM_CONVERSION = YES;
				CLANG_WARN_INFINITE_RECURSION = YES;
				CLANG_WARN_INT_CONVERSION = YES;
				CLANG_WARN_NON_LITERAL_NULL_CONVERSION = YES;
				CLANG_WARN_OBJC_IMPLICIT_RETAIN_SELF = YES;
				CLANG_WARN_OBJC_LITERAL_CONVERSION = YES;
				CLANG_WARN_OBJC_ROOT_CLASS = YES_ERROR;
				CLANG_WARN_QUOTED_INCLUDE_IN_FRAMEWORK_HEADER = YES;
				CLANG_WARN_RANGE_LOOP_ANALYSIS = YES;
				CLANG_WARN_STRICT_PROTOTYPES = YES;
				CLANG_WARN_SUSPICIOUS_MOVE = YES;
				CLANG_WARN_UNGUARDED_AVAILABILITY = YES_AGGRESSIVE;
				CLANG_WARN_UNREACHABLE_CODE = YES;
				CLANG_WARN__DUPLICATE_METHOD_MATCH = YES;
				COPY_PHASE_STRIP = NO;
				DEBUG_INFORMATION_FORMAT = "dwarf-with-dsym";
				ENABLE_NS_ASSERTIONS = NO;
				ENABLE_STRICT_OBJC_MSGSEND = YES;
				GCC_C_LANGUAGE_STANDARD = gnu11;
				GCC_NO_COMMON_BLOCKS = YES;
				GCC_WARN_64_TO_32_BIT_CONVERSION = YES;
				GCC_WARN_ABOUT_RETURN_TYPE = YES_ERROR;
				GCC_WARN_UNDECLARED_SELECTOR = YES;
				GCC_WARN_UNINITIALIZED_AUTOS = YES_AGGRESSIVE;
				GCC_WARN_UNUSED_FUNCTION = YES;
				GCC_WARN_UNUSED_VARIABLE = YES;
				MACOSX_DEPLOYMENT_TARGET = 13.2;
				MTL_ENABLE_DEBUG_INFO = NO;
				MTL_FAST_MATH = YES;
				SDKROOT = macosx;
				SWIFT_COMPILATION_MODE = wholemodule;
				SWIFT_OPTIMIZATION_LEVEL = "-O";
			};
			name = Release;
		};
		2974B6E62A6ECB6E00EB063B /* Debug */ = {
			isa = XCBuildConfiguration;
			buildSettings = {
				ASSETCATALOG_COMPILER_APPICON_NAME = AppIcon;
				ASSETCATALOG_COMPILER_GLOBAL_ACCENT_COLOR_NAME = AccentColor;
				CODE_SIGN_ENTITLEMENTS = "Skill Picker Reborn/Skill_Picker_Reborn.entitlements";
				CODE_SIGN_STYLE = Automatic;
				COMBINE_HIDPI_IMAGES = YES;
				CURRENT_PROJECT_VERSION = 1;
				DEVELOPMENT_ASSET_PATHS = "\"Skill Picker Reborn/Preview Content\"";
				ENABLE_PREVIEWS = YES;
				GENERATE_INFOPLIST_FILE = YES;
				INFOPLIST_FILE = "Skill-Picker-Reborn-Info.plist";
				INFOPLIST_KEY_CFBundleDisplayName = "Skill Picker Reborn";
				INFOPLIST_KEY_LSApplicationCategoryType = "public.app-category.productivity";
				INFOPLIST_KEY_NSHumanReadableCopyright = "";
				LD_RUNPATH_SEARCH_PATHS = (
					"$(inherited)",
					"@executable_path/../Frameworks",
				);
				MACOSX_DEPLOYMENT_TARGET = 13.0;
				MARKETING_VERSION = 0.1;
				PRODUCT_BUNDLE_IDENTIFIER = "leifmotif.Skill-Picker-Reborn";
				PRODUCT_NAME = "$(TARGET_NAME)";
				SWIFT_EMIT_LOC_STRINGS = YES;
				SWIFT_VERSION = 5.0;
			};
			name = Debug;
		};
		2974B6E72A6ECB6E00EB063B /* Release */ = {
			isa = XCBuildConfiguration;
			buildSettings = {
				ASSETCATALOG_COMPILER_APPICON_NAME = AppIcon;
				ASSETCATALOG_COMPILER_GLOBAL_ACCENT_COLOR_NAME = AccentColor;
				CODE_SIGN_ENTITLEMENTS = "Skill Picker Reborn/Skill_Picker_Reborn.entitlements";
				CODE_SIGN_STYLE = Automatic;
				COMBINE_HIDPI_IMAGES = YES;
				CURRENT_PROJECT_VERSION = 1;
				DEVELOPMENT_ASSET_PATHS = "\"Skill Picker Reborn/Preview Content\"";
				ENABLE_PREVIEWS = YES;
				GENERATE_INFOPLIST_FILE = YES;
				INFOPLIST_FILE = "Skill-Picker-Reborn-Info.plist";
				INFOPLIST_KEY_CFBundleDisplayName = "Skill Picker Reborn";
				INFOPLIST_KEY_LSApplicationCategoryType = "public.app-category.productivity";
				INFOPLIST_KEY_NSHumanReadableCopyright = "";
				LD_RUNPATH_SEARCH_PATHS = (
					"$(inherited)",
					"@executable_path/../Frameworks",
				);
				MACOSX_DEPLOYMENT_TARGET = 13.0;
				MARKETING_VERSION = 0.1;
				PRODUCT_BUNDLE_IDENTIFIER = "leifmotif.Skill-Picker-Reborn";
				PRODUCT_NAME = "$(TARGET_NAME)";
				SWIFT_EMIT_LOC_STRINGS = YES;
				SWIFT_VERSION = 5.0;
			};
			name = Release;
		};
		2974B6E92A6ECB6E00EB063B /* Debug */ = {
			isa = XCBuildConfiguration;
			buildSettings = {
				ALWAYS_EMBED_SWIFT_STANDARD_LIBRARIES = YES;
				BUNDLE_LOADER = "$(TEST_HOST)";
				CODE_SIGN_STYLE = Automatic;
				CURRENT_PROJECT_VERSION = 1;
				GENERATE_INFOPLIST_FILE = YES;
				MACOSX_DEPLOYMENT_TARGET = 13.2;
				MARKETING_VERSION = 1.0;
				PRODUCT_BUNDLE_IDENTIFIER = "leifmotif.Skill-Picker-RebornTests";
				PRODUCT_NAME = "$(TARGET_NAME)";
				SWIFT_EMIT_LOC_STRINGS = NO;
				SWIFT_VERSION = 5.0;
				TEST_HOST = "$(BUILT_PRODUCTS_DIR)/Skill Picker Reborn.app/$(BUNDLE_EXECUTABLE_FOLDER_PATH)/Skill Picker Reborn";
			};
			name = Debug;
		};
		2974B6EA2A6ECB6E00EB063B /* Release */ = {
			isa = XCBuildConfiguration;
			buildSettings = {
				ALWAYS_EMBED_SWIFT_STANDARD_LIBRARIES = YES;
				BUNDLE_LOADER = "$(TEST_HOST)";
				CODE_SIGN_STYLE = Automatic;
				CURRENT_PROJECT_VERSION = 1;
				GENERATE_INFOPLIST_FILE = YES;
				MACOSX_DEPLOYMENT_TARGET = 13.2;
				MARKETING_VERSION = 1.0;
				PRODUCT_BUNDLE_IDENTIFIER = "leifmotif.Skill-Picker-RebornTests";
				PRODUCT_NAME = "$(TARGET_NAME)";
				SWIFT_EMIT_LOC_STRINGS = NO;
				SWIFT_VERSION = 5.0;
				TEST_HOST = "$(BUILT_PRODUCTS_DIR)/Skill Picker Reborn.app/$(BUNDLE_EXECUTABLE_FOLDER_PATH)/Skill Picker Reborn";
			};
			name = Release;
		};
		2974B6EC2A6ECB6E00EB063B /* Debug */ = {
			isa = XCBuildConfiguration;
			buildSettings = {
				ALWAYS_EMBED_SWIFT_STANDARD_LIBRARIES = YES;
				CODE_SIGN_STYLE = Automatic;
				CURRENT_PROJECT_VERSION = 1;
				GENERATE_INFOPLIST_FILE = YES;
				MARKETING_VERSION = 1.0;
				PRODUCT_BUNDLE_IDENTIFIER = "leifmotif.Skill-Picker-RebornUITests";
				PRODUCT_NAME = "$(TARGET_NAME)";
				SWIFT_EMIT_LOC_STRINGS = NO;
				SWIFT_VERSION = 5.0;
				TEST_TARGET_NAME = "Skill Picker Reborn";
			};
			name = Debug;
		};
		2974B6ED2A6ECB6E00EB063B /* Release */ = {
			isa = XCBuildConfiguration;
			buildSettings = {
				ALWAYS_EMBED_SWIFT_STANDARD_LIBRARIES = YES;
				CODE_SIGN_STYLE = Automatic;
				CURRENT_PROJECT_VERSION = 1;
				GENERATE_INFOPLIST_FILE = YES;
				MARKETING_VERSION = 1.0;
				PRODUCT_BUNDLE_IDENTIFIER = "leifmotif.Skill-Picker-RebornUITests";
				PRODUCT_NAME = "$(TARGET_NAME)";
				SWIFT_EMIT_LOC_STRINGS = NO;
				SWIFT_VERSION = 5.0;
				TEST_TARGET_NAME = "Skill Picker Reborn";
			};
			name = Release;
		};
/* End XCBuildConfiguration section */

/* Begin XCConfigurationList section */
		2974B6BB2A6ECB6A00EB063B /* Build configuration list for PBXProject "Skill Picker Reborn" */ = {
			isa = XCConfigurationList;
			buildConfigurations = (
				2974B6E32A6ECB6E00EB063B /* Debug */,
				2974B6E42A6ECB6E00EB063B /* Release */,
			);
			defaultConfigurationIsVisible = 0;
			defaultConfigurationName = Release;
		};
		2974B6E52A6ECB6E00EB063B /* Build configuration list for PBXNativeTarget "Skill Picker Reborn" */ = {
			isa = XCConfigurationList;
			buildConfigurations = (
				2974B6E62A6ECB6E00EB063B /* Debug */,
				2974B6E72A6ECB6E00EB063B /* Release */,
			);
			defaultConfigurationIsVisible = 0;
			defaultConfigurationName = Release;
		};
		2974B6E82A6ECB6E00EB063B /* Build configuration list for PBXNativeTarget "Skill Picker RebornTests" */ = {
			isa = XCConfigurationList;
			buildConfigurations = (
				2974B6E92A6ECB6E00EB063B /* Debug */,
				2974B6EA2A6ECB6E00EB063B /* Release */,
			);
			defaultConfigurationIsVisible = 0;
			defaultConfigurationName = Release;
		};
		2974B6EB2A6ECB6E00EB063B /* Build configuration list for PBXNativeTarget "Skill Picker RebornUITests" */ = {
			isa = XCConfigurationList;
			buildConfigurations = (
				2974B6EC2A6ECB6E00EB063B /* Debug */,
				2974B6ED2A6ECB6E00EB063B /* Release */,
			);
			defaultConfigurationIsVisible = 0;
			defaultConfigurationName = Release;
		};
/* End XCConfigurationList section */
	};
	rootObject = 2974B6B82A6ECB6A00EB063B /* Project object */;
}
